
Microsoft Visual Studio Solution File, Format Version 12.00
# Visual Studio 15
VisualStudioVersion = 15.0.26228.4
MinimumVisualStudioVersion = 10.0.40219.1
Project("{FAE04EC0-301F-11D3-BF4B-00C04F79EFBC}") = "Seppuku", "Seppuku\Seppuku.csproj", "{B552CD24-4EA8-49CA-ACB4-A746D1BF581E}"
EndProject
Project("{FAE04EC0-301F-11D3-BF4B-00C04F79EFBC}") = "Seppuku.Module", "Seppuku.Module\Seppuku.Module.csproj", "{7D5646E0-0936-4DF6-9006-C8B024C75940}"
EndProject
Project("{FAE04EC0-301F-11D3-BF4B-00C04F79EFBC}") = "Seppuku.Module.ModuleGetRequest", "Seppuku.Module.ModuleGetRequest\Seppuku.Module.ModuleGetRequest.csproj", "{6BC36678-671D-4629-AD8F-A70B556B2CC1}"
EndProject
Project("{FAE04EC0-301F-11D3-BF4B-00C04F79EFBC}") = "Seppuku.Client.Windows", "Seppuku.Client.Windows\Seppuku.Client.Windows.csproj", "{9ABDA781-2F08-4E45-9EA9-312A2FB4DC3A}"
EndProject
Project("{FAE04EC0-301F-11D3-BF4B-00C04F79EFBC}") = "Seppuku.Client.Windows.CLI", "Seppuku.Client.Windows.CLI\Seppuku.Client.Windows.CLI.csproj", "{34DBD95F-44A1-466E-B4E4-A2B64AEC738E}"
EndProject
Global
	GlobalSection(SolutionConfigurationPlatforms) = preSolution
		Debug|Any CPU = Debug|Any CPU
		Release|Any CPU = Release|Any CPU
	EndGlobalSection
	GlobalSection(ProjectConfigurationPlatforms) = postSolution
		{B552CD24-4EA8-49CA-ACB4-A746D1BF581E}.Debug|Any CPU.ActiveCfg = Debug|Any CPU
		{B552CD24-4EA8-49CA-ACB4-A746D1BF581E}.Debug|Any CPU.Build.0 = Debug|Any CPU
		{B552CD24-4EA8-49CA-ACB4-A746D1BF581E}.Release|Any CPU.ActiveCfg = Release|Any CPU
		{B552CD24-4EA8-49CA-ACB4-A746D1BF581E}.Release|Any CPU.Build.0 = Release|Any CPU
		{7D5646E0-0936-4DF6-9006-C8B024C75940}.Debug|Any CPU.ActiveCfg = Debug|Any CPU
		{7D5646E0-0936-4DF6-9006-C8B024C75940}.Debug|Any CPU.Build.0 = Debug|Any CPU
		{7D5646E0-0936-4DF6-9006-C8B024C75940}.Release|Any CPU.ActiveCfg = Release|Any CPU
		{7D5646E0-0936-4DF6-9006-C8B024C75940}.Release|Any CPU.Build.0 = Release|Any CPU
		{6BC36678-671D-4629-AD8F-A70B556B2CC1}.Debug|Any CPU.ActiveCfg = Debug|Any CPU
		{6BC36678-671D-4629-AD8F-A70B556B2CC1}.Debug|Any CPU.Build.0 = Debug|Any CPU
		{6BC36678-671D-4629-AD8F-A70B556B2CC1}.Release|Any CPU.ActiveCfg = Release|Any CPU
		{6BC36678-671D-4629-AD8F-A70B556B2CC1}.Release|Any CPU.Build.0 = Release|Any CPU
		{9ABDA781-2F08-4E45-9EA9-312A2FB4DC3A}.Debug|Any CPU.ActiveCfg = Debug|Any CPU
		{9ABDA781-2F08-4E45-9EA9-312A2FB4DC3A}.Debug|Any CPU.Build.0 = Debug|Any CPU
		{9ABDA781-2F08-4E45-9EA9-312A2FB4DC3A}.Release|Any CPU.ActiveCfg = Release|Any CPU
		{9ABDA781-2F08-4E45-9EA9-312A2FB4DC3A}.Release|Any CPU.Build.0 = Release|Any CPU
		{34DBD95F-44A1-466E-B4E4-A2B64AEC738E}.Debug|Any CPU.ActiveCfg = Debug|Any CPU
		{34DBD95F-44A1-466E-B4E4-A2B64AEC738E}.Debug|Any CPU.Build.0 = Debug|Any CPU
		{34DBD95F-44A1-466E-B4E4-A2B64AEC738E}.Release|Any CPU.ActiveCfg = Release|Any CPU
		{34DBD95F-44A1-466E-B4E4-A2B64AEC738E}.Release|Any CPU.Build.0 = Release|Any CPU
	EndGlobalSection
	GlobalSection(SolutionProperties) = preSolution
		HideSolutionNode = FALSE
	EndGlobalSection
EndGlobal
